
Microsoft Visual Studio Solution File, Format Version 12.00
# Visual Studio Version 16
VisualStudioVersion = 16.0.30523.141
MinimumVisualStudioVersion = 10.0.40219.1
Project("{FAE04EC0-301F-11D3-BF4B-00C04F79EFBC}") = "WindowsLab1", "WindowsLab1\WindowsLab1.csproj", "{DA4E13A9-5182-43A5-89EB-12EBF65F3612}"
EndProject
Global
	GlobalSection(SolutionConfigurationPlatforms) = preSolution
		Debug|Any CPU = Debug|Any CPU
		Release|Any CPU = Release|Any CPU
	EndGlobalSection
	GlobalSection(ProjectConfigurationPlatforms) = postSolution
		{DA4E13A9-5182-43A5-89EB-12EBF65F3612}.Debug|Any CPU.ActiveCfg = Debug|Any CPU
		{DA4E13A9-5182-43A5-89EB-12EBF65F3612}.Debug|Any CPU.Build.0 = Debug|Any CPU
		{DA4E13A9-5182-43A5-89EB-12EBF65F3612}.Release|Any CPU.ActiveCfg = Release|Any CPU
		{DA4E13A9-5182-43A5-89EB-12EBF65F3612}.Release|Any CPU.Build.0 = Release|Any CPU
	EndGlobalSection
	GlobalSection(SolutionProperties) = preSolution
		HideSolutionNode = FALSE
	EndGlobalSection
	GlobalSection(ExtensibilityGlobals) = postSolution
		SolutionGuid = {27B138FF-40C2-4A2E-9823-497D4005527B}
	EndGlobalSection
EndGlobal
